
Microsoft Visual Studio Solution File, Format Version 12.00
# Visual Studio Version 17
VisualStudioVersion = 17.10.35013.160
MinimumVisualStudioVersion = 10.0.40219.1
Project("{FAE04EC0-301F-11D3-BF4B-00C04F79EFBC}") = "s calculator", "s calculator.csproj", "{630E8B84-F8E9-4848-852A-F57BFC1DC60C}"
EndProject
Global
	GlobalSection(SolutionConfigurationPlatforms) = preSolution
		Debug|Any CPU = Debug|Any CPU
		Release|Any CPU = Release|Any CPU
	EndGlobalSection
	GlobalSection(ProjectConfigurationPlatforms) = postSolution
		{630E8B84-F8E9-4848-852A-F57BFC1DC60C}.Debug|Any CPU.ActiveCfg = Debug|Any CPU
		{630E8B84-F8E9-4848-852A-F57BFC1DC60C}.Debug|Any CPU.Build.0 = Debug|Any CPU
		{630E8B84-F8E9-4848-852A-F57BFC1DC60C}.Release|Any CPU.ActiveCfg = Release|Any CPU
		{630E8B84-F8E9-4848-852A-F57BFC1DC60C}.Release|Any CPU.Build.0 = Release|Any CPU
	EndGlobalSection
	GlobalSection(SolutionProperties) = preSolution
		HideSolutionNode = FALSE
	EndGlobalSection
	GlobalSection(ExtensibilityGlobals) = postSolution
		SolutionGuid = {180DA7BB-A9FB-4523-883D-FEFAB85E3A65}
	EndGlobalSection
EndGlobal
